// !$*UTF8*$!
{
	archiveVersion = 1;
	classes = {
	};
	objectVersion = 48;
	objects = {

/* Begin PBXBuildFile section */
		53DA0CD421C6885C004CE8C0 /* AppDelegate.swift in Sources */ = {isa = PBXBuildFile; fileRef = 53DA0CD321C6885C004CE8C0 /* AppDelegate.swift */; };
		53DA0CD621C6885C004CE8C0 /* ViewController.swift in Sources */ = {isa = PBXBuildFile; fileRef = 53DA0CD521C6885C004CE8C0 /* ViewController.swift */; };
		53DA0CD821C6885C004CE8C0 /* Assets.xcassets in Resources */ = {isa = PBXBuildFile; fileRef = 53DA0CD721C6885C004CE8C0 /* Assets.xcassets */; };
		53DA0CDB21C6885C004CE8C0 /* Main.storyboard in Resources */ = {isa = PBXBuildFile; fileRef = 53DA0CD921C6885C004CE8C0 /* Main.storyboard */; };
		53DA0CE721C6885D004CE8C0 /* MathScannerTests.swift in Sources */ = {isa = PBXBuildFile; fileRef = 53DA0CE621C6885D004CE8C0 /* MathScannerTests.swift */; };
		53DA0CF221C6885D004CE8C0 /* MathScannerUITests.swift in Sources */ = {isa = PBXBuildFile; fileRef = 53DA0CF121C6885D004CE8C0 /* MathScannerUITests.swift */; };
/* End PBXBuildFile section */

/* Begin PBXContainerItemProxy section */
		53DA0CE321C6885D004CE8C0 /* PBXContainerItemProxy */ = {
			isa = PBXContainerItemProxy;
			containerPortal = 53DA0CC821C6885C004CE8C0 /* Project object */;
			proxyType = 1;
			remoteGlobalIDString = 53DA0CCF21C6885C004CE8C0;
			remoteInfo = MathScanner;
		};
		53DA0CEE21C6885D004CE8C0 /* PBXContainerItemProxy */ = {
			isa = PBXContainerItemProxy;
			containerPortal = 53DA0CC821C6885C004CE8C0 /* Project object */;
			proxyType = 1;
			remoteGlobalIDString = 53DA0CCF21C6885C004CE8C0;
			remoteInfo = MathScanner;
		};
/* End PBXContainerItemProxy section */

/* Begin PBXFileReference section */
		53DA0CD021C6885C004CE8C0 /* MathScanner.app */ = {isa = PBXFileReference; explicitFileType = wrapper.application; includeInIndex = 0; path = MathScanner.app; sourceTree = BUILT_PRODUCTS_DIR; };
		53DA0CD321C6885C004CE8C0 /* AppDelegate.swift */ = {isa = PBXFileReference; lastKnownFileType = sourcecode.swift; path = AppDelegate.swift; sourceTree = "<group>"; };
		53DA0CD521C6885C004CE8C0 /* ViewController.swift */ = {isa = PBXFileReference; lastKnownFileType = sourcecode.swift; path = ViewController.swift; sourceTree = "<group>"; };
		53DA0CD721C6885C004CE8C0 /* Assets.xcassets */ = {isa = PBXFileReference; lastKnownFileType = folder.assetcatalog; path = Assets.xcassets; sourceTree = "<group>"; };
		53DA0CDA21C6885C004CE8C0 /* Base */ = {isa = PBXFileReference; lastKnownFileType = file.storyboard; name = Base; path = Base.lproj/Main.storyboard; sourceTree = "<group>"; };
		53DA0CDC21C6885C004CE8C0 /* Info.plist */ = {isa = PBXFileReference; lastKnownFileType = text.plist.xml; path = Info.plist; sourceTree = "<group>"; };
		53DA0CDD21C6885C004CE8C0 /* MathScanner.entitlements */ = {isa = PBXFileReference; lastKnownFileType = text.plist.entitlements; path = MathScanner.entitlements; sourceTree = "<group>"; };
		53DA0CE221C6885D004CE8C0 /* MathScannerTests.xctest */ = {isa = PBXFileReference; explicitFileType = wrapper.cfbundle; includeInIndex = 0; path = MathScannerTests.xctest; sourceTree = BUILT_PRODUCTS_DIR; };
		53DA0CE621C6885D004CE8C0 /* MathScannerTests.swift */ = {isa = PBXFileReference; lastKnownFileType = sourcecode.swift; path = MathScannerTests.swift; sourceTree = "<group>"; };
		53DA0CE821C6885D004CE8C0 /* Info.plist */ = {isa = PBXFileReference; lastKnownFileType = text.plist.xml; path = Info.plist; sourceTree = "<group>"; };
		53DA0CED21C6885D004CE8C0 /* MathScannerUITests.xctest */ = {isa = PBXFileReference; explicitFileType = wrapper.cfbundle; includeInIndex = 0; path = MathScannerUITests.xctest; sourceTree = BUILT_PRODUCTS_DIR; };
		53DA0CF121C6885D004CE8C0 /* MathScannerUITests.swift */ = {isa = PBXFileReference; lastKnownFileType = sourcecode.swift; path = MathScannerUITests.swift; sourceTree = "<group>"; };
		53DA0CF321C6885D004CE8C0 /* Info.plist */ = {isa = PBXFileReference; lastKnownFileType = text.plist.xml; path = Info.plist; sourceTree = "<group>"; };
/* End PBXFileReference section */

/* Begin PBXFrameworksBuildPhase section */
		53DA0CCD21C6885C004CE8C0 /* Frameworks */ = {
			isa = PBXFrameworksBuildPhase;
			buildActionMask = 2147483647;
			files = (
			);
			runOnlyForDeploymentPostprocessing = 0;
		};
		53DA0CDF21C6885D004CE8C0 /* Frameworks */ = {
			isa = PBXFrameworksBuildPhase;
			buildActionMask = 2147483647;
			files = (
			);
			runOnlyForDeploymentPostprocessing = 0;
		};
		53DA0CEA21C6885D004CE8C0 /* Frameworks */ = {
			isa = PBXFrameworksBuildPhase;
			buildActionMask = 2147483647;
			files = (
			);
			runOnlyForDeploymentPostprocessing = 0;
		};
/* End PBXFrameworksBuildPhase section */

/* Begin PBXGroup section */
		53DA0CC721C6885C004CE8C0 = {
			isa = PBXGroup;
			children = (
				53DA0CD221C6885C004CE8C0 /* MathScanner */,
				53DA0CE521C6885D004CE8C0 /* MathScannerTests */,
				53DA0CF021C6885D004CE8C0 /* MathScannerUITests */,
				53DA0CD121C6885C004CE8C0 /* Products */,
			);
			sourceTree = "<group>";
		};
		53DA0CD121C6885C004CE8C0 /* Products */ = {
			isa = PBXGroup;
			children = (
				53DA0CD021C6885C004CE8C0 /* MathScanner.app */,
				53DA0CE221C6885D004CE8C0 /* MathScannerTests.xctest */,
				53DA0CED21C6885D004CE8C0 /* MathScannerUITests.xctest */,
			);
			name = Products;
			sourceTree = "<group>";
		};
		53DA0CD221C6885C004CE8C0 /* MathScanner */ = {
			isa = PBXGroup;
			children = (
				53DA0CD321C6885C004CE8C0 /* AppDelegate.swift */,
				53DA0CD521C6885C004CE8C0 /* ViewController.swift */,
				53DA0CD721C6885C004CE8C0 /* Assets.xcassets */,
				53DA0CD921C6885C004CE8C0 /* Main.storyboard */,
				53DA0CDC21C6885C004CE8C0 /* Info.plist */,
				53DA0CDD21C6885C004CE8C0 /* MathScanner.entitlements */,
			);
			path = MathScanner;
			sourceTree = "<group>";
		};
		53DA0CE521C6885D004CE8C0 /* MathScannerTests */ = {
			isa = PBXGroup;
			children = (
				53DA0CE621C6885D004CE8C0 /* MathScannerTests.swift */,
				53DA0CE821C6885D004CE8C0 /* Info.plist */,
			);
			path = MathScannerTests;
			sourceTree = "<group>";
		};
		53DA0CF021C6885D004CE8C0 /* MathScannerUITests */ = {
			isa = PBXGroup;
			children = (
				53DA0CF121C6885D004CE8C0 /* MathScannerUITests.swift */,
				53DA0CF321C6885D004CE8C0 /* Info.plist */,
			);
			path = MathScannerUITests;
			sourceTree = "<group>";
		};
/* End PBXGroup section */

/* Begin PBXNativeTarget section */
		53DA0CCF21C6885C004CE8C0 /* MathScanner */ = {
			isa = PBXNativeTarget;
			buildConfigurationList = 53DA0CF621C6885D004CE8C0 /* Build configuration list for PBXNativeTarget "MathScanner" */;
			buildPhases = (
				53DA0CCC21C6885C004CE8C0 /* Sources */,
				53DA0CCD21C6885C004CE8C0 /* Frameworks */,
				53DA0CCE21C6885C004CE8C0 /* Resources */,
			);
			buildRules = (
			);
			dependencies = (
			);
			name = MathScanner;
			productName = MathScanner;
			productReference = 53DA0CD021C6885C004CE8C0 /* MathScanner.app */;
			productType = "com.apple.product-type.application";
		};
		53DA0CE121C6885D004CE8C0 /* MathScannerTests */ = {
			isa = PBXNativeTarget;
			buildConfigurationList = 53DA0CF921C6885D004CE8C0 /* Build configuration list for PBXNativeTarget "MathScannerTests" */;
			buildPhases = (
				53DA0CDE21C6885D004CE8C0 /* Sources */,
				53DA0CDF21C6885D004CE8C0 /* Frameworks */,
				53DA0CE021C6885D004CE8C0 /* Resources */,
			);
			buildRules = (
			);
			dependencies = (
				53DA0CE421C6885D004CE8C0 /* PBXTargetDependency */,
			);
			name = MathScannerTests;
			productName = MathScannerTests;
			productReference = 53DA0CE221C6885D004CE8C0 /* MathScannerTests.xctest */;
			productType = "com.apple.product-type.bundle.unit-test";
		};
		53DA0CEC21C6885D004CE8C0 /* MathScannerUITests */ = {
			isa = PBXNativeTarget;
			buildConfigurationList = 53DA0CFC21C6885D004CE8C0 /* Build configuration list for PBXNativeTarget "MathScannerUITests" */;
			buildPhases = (
				53DA0CE921C6885D004CE8C0 /* Sources */,
				53DA0CEA21C6885D004CE8C0 /* Frameworks */,
				53DA0CEB21C6885D004CE8C0 /* Resources */,
			);
			buildRules = (
			);
			dependencies = (
				53DA0CEF21C6885D004CE8C0 /* PBXTargetDependency */,
			);
			name = MathScannerUITests;
			productName = MathScannerUITests;
			productReference = 53DA0CED21C6885D004CE8C0 /* MathScannerUITests.xctest */;
			productType = "com.apple.product-type.bundle.ui-testing";
		};
/* End PBXNativeTarget section */

/* Begin PBXProject section */
		53DA0CC821C6885C004CE8C0 /* Project object */ = {
			isa = PBXProject;
			attributes = {
				LastSwiftUpdateCheck = 0920;
				LastUpgradeCheck = 0920;
				ORGANIZATIONNAME = "Angle Qian";
				TargetAttributes = {
					53DA0CCF21C6885C004CE8C0 = {
						CreatedOnToolsVersion = 9.2;
						ProvisioningStyle = Automatic;
					};
					53DA0CE121C6885D004CE8C0 = {
						CreatedOnToolsVersion = 9.2;
						ProvisioningStyle = Automatic;
						TestTargetID = 53DA0CCF21C6885C004CE8C0;
					};
					53DA0CEC21C6885D004CE8C0 = {
						CreatedOnToolsVersion = 9.2;
						ProvisioningStyle = Automatic;
						TestTargetID = 53DA0CCF21C6885C004CE8C0;
					};
				};
			};
			buildConfigurationList = 53DA0CCB21C6885C004CE8C0 /* Build configuration list for PBXProject "MathScanner" */;
			compatibilityVersion = "Xcode 8.0";
			developmentRegion = en;
			hasScannedForEncodings = 0;
			knownRegions = (
				en,
				Base,
			);
			mainGroup = 53DA0CC721C6885C004CE8C0;
			productRefGroup = 53DA0CD121C6885C004CE8C0 /* Products */;
			projectDirPath = "";
			projectRoot = "";
			targets = (
				53DA0CCF21C6885C004CE8C0 /* MathScanner */,
				53DA0CE121C6885D004CE8C0 /* MathScannerTests */,
				53DA0CEC21C6885D004CE8C0 /* MathScannerUITests */,
			);
		};
/* End PBXProject section */

/* Begin PBXResourcesBuildPhase section */
		53DA0CCE21C6885C004CE8C0 /* Resources */ = {
			isa = PBXResourcesBuildPhase;
			buildActionMask = 2147483647;
			files = (
				53DA0CD821C6885C004CE8C0 /* Assets.xcassets in Resources */,
				53DA0CDB21C6885C004CE8C0 /* Main.storyboard in Resources */,
			);
			runOnlyForDeploymentPostprocessing = 0;
		};
		53DA0CE021C6885D004CE8C0 /* Resources */ = {
			isa = PBXResourcesBuildPhase;
			buildActionMask = 2147483647;
			files = (
			);
			runOnlyForDeploymentPostprocessing = 0;
		};
		53DA0CEB21C6885D004CE8C0 /* Resources */ = {
			isa = PBXResourcesBuildPhase;
			buildActionMask = 2147483647;
			files = (
			);
			runOnlyForDeploymentPostprocessing = 0;
		};
/* End PBXResourcesBuildPhase section */

/* Begin PBXSourcesBuildPhase section */
		53DA0CCC21C6885C004CE8C0 /* Sources */ = {
			isa = PBXSourcesBuildPhase;
			buildActionMask = 2147483647;
			files = (
				53DA0CD621C6885C004CE8C0 /* ViewController.swift in Sources */,
				53DA0CD421C6885C004CE8C0 /* AppDelegate.swift in Sources */,
			);
			runOnlyForDeploymentPostprocessing = 0;
		};
		53DA0CDE21C6885D004CE8C0 /* Sources */ = {
			isa = PBXSourcesBuildPhase;
			buildActionMask = 2147483647;
			files = (
				53DA0CE721C6885D004CE8C0 /* MathScannerTests.swift in Sources */,
			);
			runOnlyForDeploymentPostprocessing = 0;
		};
		53DA0CE921C6885D004CE8C0 /* Sources */ = {
			isa = PBXSourcesBuildPhase;
			buildActionMask = 2147483647;
			files = (
				53DA0CF221C6885D004CE8C0 /* MathScannerUITests.swift in Sources */,
			);
			runOnlyForDeploymentPostprocessing = 0;
		};
/* End PBXSourcesBuildPhase section */

/* Begin PBXTargetDependency section */
		53DA0CE421C6885D004CE8C0 /* PBXTargetDependency */ = {
			isa = PBXTargetDependency;
			target = 53DA0CCF21C6885C004CE8C0 /* MathScanner */;
			targetProxy = 53DA0CE321C6885D004CE8C0 /* PBXContainerItemProxy */;
		};
		53DA0CEF21C6885D004CE8C0 /* PBXTargetDependency */ = {
			isa = PBXTargetDependency;
			target = 53DA0CCF21C6885C004CE8C0 /* MathScanner */;
			targetProxy = 53DA0CEE21C6885D004CE8C0 /* PBXContainerItemProxy */;
		};
/* End PBXTargetDependency section */

/* Begin PBXVariantGroup section */
		53DA0CD921C6885C004CE8C0 /* Main.storyboard */ = {
			isa = PBXVariantGroup;
			children = (
				53DA0CDA21C6885C004CE8C0 /* Base */,
			);
			name = Main.storyboard;
			sourceTree = "<group>";
		};
/* End PBXVariantGroup section */

/* Begin XCBuildConfiguration section */
		53DA0CF421C6885D004CE8C0 /* Debug */ = {
			isa = XCBuildConfiguration;
			buildSettings = {
				ALWAYS_SEARCH_USER_PATHS = NO;
				CLANG_ANALYZER_NONNULL = YES;
				CLANG_ANALYZER_NUMBER_OBJECT_CONVERSION = YES_AGGRESSIVE;
				CLANG_CXX_LANGUAGE_STANDARD = "gnu++14";
				CLANG_CXX_LIBRARY = "libc++";
				CLANG_ENABLE_MODULES = YES;
				CLANG_ENABLE_OBJC_ARC = YES;
				CLANG_WARN_BLOCK_CAPTURE_AUTORELEASING = YES;
				CLANG_WARN_BOOL_CONVERSION = YES;
				CLANG_WARN_COMMA = YES;
				CLANG_WARN_CONSTANT_CONVERSION = YES;
				CLANG_WARN_DIRECT_OBJC_ISA_USAGE = YES_ERROR;
				CLANG_WARN_DOCUMENTATION_COMMENTS = YES;
				CLANG_WARN_EMPTY_BODY = YES;
				CLANG_WARN_ENUM_CONVERSION = YES;
				CLANG_WARN_INFINITE_RECURSION = YES;
				CLANG_WARN_INT_CONVERSION = YES;
				CLANG_WARN_NON_LITERAL_NULL_CONVERSION = YES;
				CLANG_WARN_OBJC_LITERAL_CONVERSION = YES;
				CLANG_WARN_OBJC_ROOT_CLASS = YES_ERROR;
				CLANG_WARN_RANGE_LOOP_ANALYSIS = YES;
				CLANG_WARN_STRICT_PROTOTYPES = YES;
				CLANG_WARN_SUSPICIOUS_MOVE = YES;
				CLANG_WARN_UNGUARDED_AVAILABILITY = YES_AGGRESSIVE;
				CLANG_WARN_UNREACHABLE_CODE = YES;
				CLANG_WARN__DUPLICATE_METHOD_MATCH = YES;
				CODE_SIGN_IDENTITY = "-";
				COPY_PHASE_STRIP = NO;
				DEBUG_INFORMATION_FORMAT = dwarf;
				ENABLE_STRICT_OBJC_MSGSEND = YES;
				ENABLE_TESTABILITY = YES;
				GCC_C_LANGUAGE_STANDARD = gnu11;
				GCC_DYNAMIC_NO_PIC = NO;
				GCC_NO_COMMON_BLOCKS = YES;
				GCC_OPTIMIZATION_LEVEL = 0;
				GCC_PREPROCESSOR_DEFINITIONS = (
					"DEBUG=1",
					"$(inherited)",
				);
				GCC_WARN_64_TO_32_BIT_CONVERSION = YES;
				GCC_WARN_ABOUT_RETURN_TYPE = YES_ERROR;
				GCC_WARN_UNDECLARED_SELECTOR = YES;
				GCC_WARN_UNINITIALIZED_AUTOS = YES_AGGRESSIVE;
				GCC_WARN_UNUSED_FUNCTION = YES;
				GCC_WARN_UNUSED_VARIABLE = YES;
				MACOSX_DEPLOYMENT_TARGET = 10.14;
				MTL_ENABLE_DEBUG_INFO = YES;
				ONLY_ACTIVE_ARCH = YES;
				SDKROOT = macosx;
				SWIFT_ACTIVE_COMPILATION_CONDITIONS = DEBUG;
				SWIFT_OPTIMIZATION_LEVEL = "-Onone";
			};
			name = Debug;
		};
		53DA0CF521C6885D004CE8C0 /* Release */ = {
			isa = XCBuildConfiguration;
			buildSettings = {
				ALWAYS_SEARCH_USER_PATHS = NO;
				CLANG_ANALYZER_NONNULL = YES;
				CLANG_ANALYZER_NUMBER_OBJECT_CONVERSION = YES_AGGRESSIVE;
				CLANG_CXX_LANGUAGE_STANDARD = "gnu++14";
				CLANG_CXX_LIBRARY = "libc++";
				CLANG_ENABLE_MODULES = YES;
				CLANG_ENABLE_OBJC_ARC = YES;
				CLANG_WARN_BLOCK_CAPTURE_AUTORELEASING = YES;
				CLANG_WARN_BOOL_CONVERSION = YES;
				CLANG_WARN_COMMA = YES;
				CLANG_WARN_CONSTANT_CONVERSION = YES;
				CLANG_WARN_DIRECT_OBJC_ISA_USAGE = YES_ERROR;
				CLANG_WARN_DOCUMENTATION_COMMENTS = YES;
				CLANG_WARN_EMPTY_BODY = YES;
				CLANG_WARN_ENUM_CONVERSION = YES;
				CLANG_WARN_INFINITE_RECURSION = YES;
				CLANG_WARN_INT_CONVERSION = YES;
				CLANG_WARN_NON_LITERAL_NULL_CONVERSION = YES;
				CLANG_WARN_OBJC_LITERAL_CONVERSION = YES;
				CLANG_WARN_OBJC_ROOT_CLASS = YES_ERROR;
				CLANG_WARN_RANGE_LOOP_ANALYSIS = YES;
				CLANG_WARN_STRICT_PROTOTYPES = YES;
				CLANG_WARN_SUSPICIOUS_MOVE = YES;
				CLANG_WARN_UNGUARDED_AVAILABILITY = YES_AGGRESSIVE;
				CLANG_WARN_UNREACHABLE_CODE = YES;
				CLANG_WARN__DUPLICATE_METHOD_MATCH = YES;
				CODE_SIGN_IDENTITY = "-";
				COPY_PHASE_STRIP = NO;
				DEBUG_INFORMATION_FORMAT = "dwarf-with-dsym";
				ENABLE_NS_ASSERTIONS = NO;
				ENABLE_STRICT_OBJC_MSGSEND = YES;
				GCC_C_LANGUAGE_STANDARD = gnu11;
				GCC_NO_COMMON_BLOCKS = YES;
				GCC_WARN_64_TO_32_BIT_CONVERSION = YES;
				GCC_WARN_ABOUT_RETURN_TYPE = YES_ERROR;
				GCC_WARN_UNDECLARED_SELECTOR = YES;
				GCC_WARN_UNINITIALIZED_AUTOS = YES_AGGRESSIVE;
				GCC_WARN_UNUSED_FUNCTION = YES;
				GCC_WARN_UNUSED_VARIABLE = YES;
				MACOSX_DEPLOYMENT_TARGET = 10.14;
				MTL_ENABLE_DEBUG_INFO = NO;
				SDKROOT = macosx;
				SWIFT_OPTIMIZATION_LEVEL = "-Owholemodule";
			};
			name = Release;
		};
		53DA0CF721C6885D004CE8C0 /* Debug */ = {
			isa = XCBuildConfiguration;
			buildSettings = {
				ASSETCATALOG_COMPILER_APPICON_NAME = AppIcon;
				CODE_SIGN_ENTITLEMENTS = MathScanner/MathScanner.entitlements;
				CODE_SIGN_STYLE = Automatic;
				COMBINE_HIDPI_IMAGES = YES;
				INFOPLIST_FILE = MathScanner/Info.plist;
				LD_RUNPATH_SEARCH_PATHS = "$(inherited) @executable_path/../Frameworks";
				PRODUCT_BUNDLE_IDENTIFIER = AngleQian.MathScanner;
				PRODUCT_NAME = "$(TARGET_NAME)";
				SWIFT_VERSION = 4.0;
			};
			name = Debug;
		};
		53DA0CF821C6885D004CE8C0 /* Release */ = {
			isa = XCBuildConfiguration;
			buildSettings = {
				ASSETCATALOG_COMPILER_APPICON_NAME = AppIcon;
				CODE_SIGN_ENTITLEMENTS = MathScanner/MathScanner.entitlements;
				CODE_SIGN_STYLE = Automatic;
				COMBINE_HIDPI_IMAGES = YES;
				INFOPLIST_FILE = MathScanner/Info.plist;
				LD_RUNPATH_SEARCH_PATHS = "$(inherited) @executable_path/../Frameworks";
				PRODUCT_BUNDLE_IDENTIFIER = AngleQian.MathScanner;
				PRODUCT_NAME = "$(TARGET_NAME)";
				SWIFT_VERSION = 4.0;
			};
			name = Release;
		};
		53DA0CFA21C6885D004CE8C0 /* Debug */ = {
			isa = XCBuildConfiguration;
			buildSettings = {
				ALWAYS_EMBED_SWIFT_STANDARD_LIBRARIES = YES;
				BUNDLE_LOADER = "$(TEST_HOST)";
				CODE_SIGN_STYLE = Automatic;
				COMBINE_HIDPI_IMAGES = YES;
				INFOPLIST_FILE = MathScannerTests/Info.plist;
				LD_RUNPATH_SEARCH_PATHS = "$(inherited) @executable_path/../Frameworks @loader_path/../Frameworks";
				PRODUCT_BUNDLE_IDENTIFIER = AngleQian.MathScannerTests;
				PRODUCT_NAME = "$(TARGET_NAME)";
				SWIFT_VERSION = 4.0;
				TEST_HOST = "$(BUILT_PRODUCTS_DIR)/MathScanner.app/Contents/MacOS/MathScanner";
			};
			name = Debug;
		};
		53DA0CFB21C6885D004CE8C0 /* Release */ = {
			isa = XCBuildConfiguration;
			buildSettings = {
				ALWAYS_EMBED_SWIFT_STANDARD_LIBRARIES = YES;
				BUNDLE_LOADER = "$(TEST_HOST)";
				CODE_SIGN_STYLE = Automatic;
				COMBINE_HIDPI_IMAGES = YES;
				INFOPLIST_FILE = MathScannerTests/Info.plist;
				LD_RUNPATH_SEARCH_PATHS = "$(inherited) @executable_path/../Frameworks @loader_path/../Frameworks";
				PRODUCT_BUNDLE_IDENTIFIER = AngleQian.MathScannerTests;
				PRODUCT_NAME = "$(TARGET_NAME)";
				SWIFT_VERSION = 4.0;
				TEST_HOST = "$(BUILT_PRODUCTS_DIR)/MathScanner.app/Contents/MacOS/MathScanner";
			};
			name = Release;
		};
		53DA0CFD21C6885D004CE8C0 /* Debug */ = {
			isa = XCBuildConfiguration;
			buildSettings = {
				ALWAYS_EMBED_SWIFT_STANDARD_LIBRARIES = YES;
				CODE_SIGN_STYLE = Automatic;
				COMBINE_HIDPI_IMAGES = YES;
				INFOPLIST_FILE = MathScannerUITests/Info.plist;
				LD_RUNPATH_SEARCH_PATHS = "$(inherited) @executable_path/../Frameworks @loader_path/../Frameworks";
				PRODUCT_BUNDLE_IDENTIFIER = AngleQian.MathScannerUITests;
				PRODUCT_NAME = "$(TARGET_NAME)";
				SWIFT_VERSION = 4.0;
				TEST_TARGET_NAME = MathScanner;
			};
			name = Debug;
		};
		53DA0CFE21C6885D004CE8C0 /* Release */ = {
			isa = XCBuildConfiguration;
			buildSettings = {
				ALWAYS_EMBED_SWIFT_STANDARD_LIBRARIES = YES;
				CODE_SIGN_STYLE = Automatic;
				COMBINE_HIDPI_IMAGES = YES;
				INFOPLIST_FILE = MathScannerUITests/Info.plist;
				LD_RUNPATH_SEARCH_PATHS = "$(inherited) @executable_path/../Frameworks @loader_path/../Frameworks";
				PRODUCT_BUNDLE_IDENTIFIER = AngleQian.MathScannerUITests;
				PRODUCT_NAME = "$(TARGET_NAME)";
				SWIFT_VERSION = 4.0;
				TEST_TARGET_NAME = MathScanner;
			};
			name = Release;
		};
/* End XCBuildConfiguration section */

/* Begin XCConfigurationList section */
		53DA0CCB21C6885C004CE8C0 /* Build configuration list for PBXProject "MathScanner" */ = {
			isa = XCConfigurationList;
			buildConfigurations = (
				53DA0CF421C6885D004CE8C0 /* Debug */,
				53DA0CF521C6885D004CE8C0 /* Release */,
			);
			defaultConfigurationIsVisible = 0;
			defaultConfigurationName = Release;
		};
		53DA0CF621C6885D004CE8C0 /* Build configuration list for PBXNativeTarget "MathScanner" */ = {
			isa = XCConfigurationList;
			buildConfigurations = (
				53DA0CF721C6885D004CE8C0 /* Debug */,
				53DA0CF821C6885D004CE8C0 /* Release */,
			);
			defaultConfigurationIsVisible = 0;
			defaultConfigurationName = Release;
		};
		53DA0CF921C6885D004CE8C0 /* Build configuration list for PBXNativeTarget "MathScannerTests" */ = {
			isa = XCConfigurationList;
			buildConfigurations = (
				53DA0CFA21C6885D004CE8C0 /* Debug */,
				53DA0CFB21C6885D004CE8C0 /* Release */,
			);
			defaultConfigurationIsVisible = 0;
			defaultConfigurationName = Release;
		};
		53DA0CFC21C6885D004CE8C0 /* Build configuration list for PBXNativeTarget "MathScannerUITests" */ = {
			isa = XCConfigurationList;
			buildConfigurations = (
				53DA0CFD21C6885D004CE8C0 /* Debug */,
				53DA0CFE21C6885D004CE8C0 /* Release */,
			);
			defaultConfigurationIsVisible = 0;
			defaultConfigurationName = Release;
		};
/* End XCConfigurationList section */
	};
	rootObject = 53DA0CC821C6885C004CE8C0 /* Project object */;
}
